Microsoft Visual Studio Solution File, Format Version 12.00
# Visual Studio Version 17
VisualStudioVersion = 17.5.2.0
MinimumVisualStudioVersion = 10.0.40219.1
Project("{FAE04EC0-301F-11D3-BF4B-00C04F79EFBC}") = "Module 7 project", "Module 7 project.csproj", "{927DF27C-2F61-6BFF-9DAD-33C9C234624E}"
EndProject
Global
	GlobalSection(SolutionConfigurationPlatforms) = preSolution
		Debug|Any CPU = Debug|Any CPU
		Release|Any CPU = Release|Any CPU
	EndGlobalSection
	GlobalSection(ProjectConfigurationPlatforms) = postSolution
		{927DF27C-2F61-6BFF-9DAD-33C9C234624E}.Debug|Any CPU.ActiveCfg = Debug|Any CPU
		{927DF27C-2F61-6BFF-9DAD-33C9C234624E}.Debug|Any CPU.Build.0 = Debug|Any CPU
		{927DF27C-2F61-6BFF-9DAD-33C9C234624E}.Release|Any CPU.ActiveCfg = Release|Any CPU
		{927DF27C-2F61-6BFF-9DAD-33C9C234624E}.Release|Any CPU.Build.0 = Release|Any CPU
	EndGlobalSection
	GlobalSection(SolutionProperties) = preSolution
		HideSolutionNode = FALSE
	EndGlobalSection
	GlobalSection(ExtensibilityGlobals) = postSolution
		SolutionGuid = {CB530B3A-1133-4498-9F6E-7C57385024C2}
	EndGlobalSection
EndGlobal
